
Microsoft Visual Studio Solution File, Format Version 12.00
# Visual Studio Version 16
VisualStudioVersion = 16.0.31025.194
MinimumVisualStudioVersion = 10.0.40219.1
Project("{FAE04EC0-301F-11D3-BF4B-00C04F79EFBC}") = "FreezeClient", "FreezeClient\FreezeClient.csproj", "{4DA0BB7C-CA77-48D5-A31D-C0EE161DFA94}"
EndProject
Global
	GlobalSection(SolutionConfigurationPlatforms) = preSolution
		Debug|Any CPU = Debug|Any CPU
		Release|Any CPU = Release|Any CPU
	EndGlobalSection
	GlobalSection(ProjectConfigurationPlatforms) = postSolution
		{4DA0BB7C-CA77-48D5-A31D-C0EE161DFA94}.Debug|Any CPU.ActiveCfg = Debug|Any CPU
		{4DA0BB7C-CA77-48D5-A31D-C0EE161DFA94}.Debug|Any CPU.Build.0 = Debug|Any CPU
		{4DA0BB7C-CA77-48D5-A31D-C0EE161DFA94}.Release|Any CPU.ActiveCfg = Release|Any CPU
		{4DA0BB7C-CA77-48D5-A31D-C0EE161DFA94}.Release|Any CPU.Build.0 = Release|Any CPU
	EndGlobalSection
	GlobalSection(SolutionProperties) = preSolution
		HideSolutionNode = FALSE
	EndGlobalSection
	GlobalSection(ExtensibilityGlobals) = postSolution
		SolutionGuid = {262E4EBD-A53B-4485-89FF-4CD446ADBAE6}
	EndGlobalSection
EndGlobal
